
Microsoft Visual Studio Solution File, Format Version 12.00
# Visual Studio Version 17
VisualStudioVersion = 17.1.32210.238
MinimumVisualStudioVersion = 10.0.40219.1
Project("{9A19103F-16F7-4668-BE54-9A1E7A4F7556}") = "PXLSchoolManagement", "PXLSchoolManagement\PXLSchoolManagement.csproj", "{EDCD1B47-C400-4A96-B7B9-9EB2B4ED57BE}"
EndProject
Project("{2150E333-8FDC-42A3-9474-1A3956D46DE8}") = "docs", "docs", "{93E63EAC-9F5E-4B6F-ADEB-FE24F734F528}"
	ProjectSection(SolutionItems) = preProject
		ProjectC#Web1.pdf = ProjectC#Web1.pdf
	EndProjectSection
EndProject
Global
	GlobalSection(SolutionConfigurationPlatforms) = preSolution
		Debug|Any CPU = Debug|Any CPU
		Release comp|Any CPU = Release comp|Any CPU
		Release|Any CPU = Release|Any CPU
	EndGlobalSection
	GlobalSection(ProjectConfigurationPlatforms) = postSolution
		{EDCD1B47-C400-4A96-B7B9-9EB2B4ED57BE}.Debug|Any CPU.ActiveCfg = Debug|Any CPU
		{EDCD1B47-C400-4A96-B7B9-9EB2B4ED57BE}.Debug|Any CPU.Build.0 = Debug|Any CPU
		{EDCD1B47-C400-4A96-B7B9-9EB2B4ED57BE}.Release comp|Any CPU.ActiveCfg = Release|Any CPU
		{EDCD1B47-C400-4A96-B7B9-9EB2B4ED57BE}.Release comp|Any CPU.Build.0 = Release|Any CPU
		{EDCD1B47-C400-4A96-B7B9-9EB2B4ED57BE}.Release|Any CPU.ActiveCfg = Release|Any CPU
		{EDCD1B47-C400-4A96-B7B9-9EB2B4ED57BE}.Release|Any CPU.Build.0 = Release|Any CPU
	EndGlobalSection
	GlobalSection(SolutionProperties) = preSolution
		HideSolutionNode = FALSE
	EndGlobalSection
	GlobalSection(ExtensibilityGlobals) = postSolution
		SolutionGuid = {B2EE08D6-C8A2-4298-8F00-FDA0092EFBDB}
	EndGlobalSection
EndGlobal
